
Microsoft Visual Studio Solution File, Format Version 12.00
# Visual Studio 15
VisualStudioVersion = 15.0.28010.2048
MinimumVisualStudioVersion = 10.0.40219.1
Project("{FAE04EC0-301F-11D3-BF4B-00C04F79EFBC}") = "Mdichat.Android", "Mdichat\Mdichat.Android\Mdichat.Android.csproj", "{D4E409A7-BF09-4FCD-B0A4-313236777DC1}"
EndProject
Project("{FAE04EC0-301F-11D3-BF4B-00C04F79EFBC}") = "Mdichat.iOS", "Mdichat\Mdichat.iOS\Mdichat.iOS.csproj", "{10625055-6FD2-4F63-BA88-4D1846C39FFC}"
EndProject
Project("{FAE04EC0-301F-11D3-BF4B-00C04F79EFBC}") = "Mdichat", "Mdichat\Mdichat\Mdichat.csproj", "{0AA6E0DA-1300-4E34-B016-C9FDCE8FFC66}"
EndProject
Global
	GlobalSection(SolutionConfigurationPlatforms) = preSolution
		Ad-Hoc|Any CPU = Ad-Hoc|Any CPU
		Ad-Hoc|iPhone = Ad-Hoc|iPhone
		Ad-Hoc|iPhoneSimulator = Ad-Hoc|iPhoneSimulator
		AppStore|Any CPU = AppStore|Any CPU
		AppStore|iPhone = AppStore|iPhone
		AppStore|iPhoneSimulator = AppStore|iPhoneSimulator
		Debug|Any CPU = Debug|Any CPU
		Debug|iPhone = Debug|iPhone
		Debug|iPhoneSimulator = Debug|iPhoneSimulator
		Release|Any CPU = Release|Any CPU
		Release|iPhone = Release|iPhone
		Release|iPhoneSimulator = Release|iPhoneSimulator
	EndGlobalSection
	GlobalSection(ProjectConfigurationPlatforms) = postSolution
		{D4E409A7-BF09-4FCD-B0A4-313236777DC1}.Ad-Hoc|Any CPU.ActiveCfg = Release|Any CPU
		{D4E409A7-BF09-4FCD-B0A4-313236777DC1}.Ad-Hoc|Any CPU.Build.0 = Release|Any CPU
		{D4E409A7-BF09-4FCD-B0A4-313236777DC1}.Ad-Hoc|Any CPU.Deploy.0 = Release|Any CPU
		{D4E409A7-BF09-4FCD-B0A4-313236777DC1}.Ad-Hoc|iPhone.ActiveCfg = Release|Any CPU
		{D4E409A7-BF09-4FCD-B0A4-313236777DC1}.Ad-Hoc|iPhone.Build.0 = Release|Any CPU
		{D4E409A7-BF09-4FCD-B0A4-313236777DC1}.Ad-Hoc|iPhone.Deploy.0 = Release|Any CPU
		{D4E409A7-BF09-4FCD-B0A4-313236777DC1}.Ad-Hoc|iPhoneSimulator.ActiveCfg = Release|Any CPU
		{D4E409A7-BF09-4FCD-B0A4-313236777DC1}.Ad-Hoc|iPhoneSimulator.Build.0 = Release|Any CPU
		{D4E409A7-BF09-4FCD-B0A4-313236777DC1}.Ad-Hoc|iPhoneSimulator.Deploy.0 = Release|Any CPU
		{D4E409A7-BF09-4FCD-B0A4-313236777DC1}.AppStore|Any CPU.ActiveCfg = Release|Any CPU
		{D4E409A7-BF09-4FCD-B0A4-313236777DC1}.AppStore|Any CPU.Build.0 = Release|Any CPU
		{D4E409A7-BF09-4FCD-B0A4-313236777DC1}.AppStore|Any CPU.Deploy.0 = Release|Any CPU
		{D4E409A7-BF09-4FCD-B0A4-313236777DC1}.AppStore|iPhone.ActiveCfg = Release|Any CPU
		{D4E409A7-BF09-4FCD-B0A4-313236777DC1}.AppStore|iPhone.Build.0 = Release|Any CPU
		{D4E409A7-BF09-4FCD-B0A4-313236777DC1}.AppStore|iPhone.Deploy.0 = Release|Any CPU
		{D4E409A7-BF09-4FCD-B0A4-313236777DC1}.AppStore|iPhoneSimulator.ActiveCfg = Release|Any CPU
		{D4E409A7-BF09-4FCD-B0A4-313236777DC1}.AppStore|iPhoneSimulator.Build.0 = Release|Any CPU
		{D4E409A7-BF09-4FCD-B0A4-313236777DC1}.AppStore|iPhoneSimulator.Deploy.0 = Release|Any CPU
		{D4E409A7-BF09-4FCD-B0A4-313236777DC1}.Debug|Any CPU.ActiveCfg = Debug|Any CPU
		{D4E409A7-BF09-4FCD-B0A4-313236777DC1}.Debug|Any CPU.Build.0 = Debug|Any CPU
		{D4E409A7-BF09-4FCD-B0A4-313236777DC1}.Debug|Any CPU.Deploy.0 = Debug|Any CPU
		{D4E409A7-BF09-4FCD-B0A4-313236777DC1}.Debug|iPhone.ActiveCfg = Debug|Any CPU
		{D4E409A7-BF09-4FCD-B0A4-313236777DC1}.Debug|iPhone.Build.0 = Debug|Any CPU
		{D4E409A7-BF09-4FCD-B0A4-313236777DC1}.Debug|iPhone.Deploy.0 = Debug|Any CPU
		{D4E409A7-BF09-4FCD-B0A4-313236777DC1}.Debug|iPhoneSimulator.ActiveCfg = Debug|Any CPU
		{D4E409A7-BF09-4FCD-B0A4-313236777DC1}.Debug|iPhoneSimulator.Build.0 = Debug|Any CPU
		{D4E409A7-BF09-4FCD-B0A4-313236777DC1}.Debug|iPhoneSimulator.Deploy.0 = Debug|Any CPU
		{D4E409A7-BF09-4FCD-B0A4-313236777DC1}.Release|Any CPU.ActiveCfg = Release|Any CPU
		{D4E409A7-BF09-4FCD-B0A4-313236777DC1}.Release|Any CPU.Build.0 = Release|Any CPU
		{D4E409A7-BF09-4FCD-B0A4-313236777DC1}.Release|Any CPU.Deploy.0 = Release|Any CPU
		{D4E409A7-BF09-4FCD-B0A4-313236777DC1}.Release|iPhone.ActiveCfg = Release|Any CPU
		{D4E409A7-BF09-4FCD-B0A4-313236777DC1}.Release|iPhone.Build.0 = Release|Any CPU
		{D4E409A7-BF09-4FCD-B0A4-313236777DC1}.Release|iPhone.Deploy.0 = Release|Any CPU
		{D4E409A7-BF09-4FCD-B0A4-313236777DC1}.Release|iPhoneSimulator.ActiveCfg = Release|Any CPU
		{D4E409A7-BF09-4FCD-B0A4-313236777DC1}.Release|iPhoneSimulator.Build.0 = Release|Any CPU
		{D4E409A7-BF09-4FCD-B0A4-313236777DC1}.Release|iPhoneSimulator.Deploy.0 = Release|Any CPU
		{10625055-6FD2-4F63-BA88-4D1846C39FFC}.Ad-Hoc|Any CPU.ActiveCfg = Ad-Hoc|iPhone
		{10625055-6FD2-4F63-BA88-4D1846C39FFC}.Ad-Hoc|Any CPU.Build.0 = Ad-Hoc|iPhone
		{10625055-6FD2-4F63-BA88-4D1846C39FFC}.Ad-Hoc|Any CPU.Deploy.0 = Ad-Hoc|iPhone
		{10625055-6FD2-4F63-BA88-4D1846C39FFC}.Ad-Hoc|iPhone.ActiveCfg = Ad-Hoc|iPhone
		{10625055-6FD2-4F63-BA88-4D1846C39FFC}.Ad-Hoc|iPhone.Build.0 = Ad-Hoc|iPhone
		{10625055-6FD2-4F63-BA88-4D1846C39FFC}.Ad-Hoc|iPhone.Deploy.0 = Ad-Hoc|iPhone
		{10625055-6FD2-4F63-BA88-4D1846C39FFC}.Ad-Hoc|iPhoneSimulator.ActiveCfg = Ad-Hoc|iPhoneSimulator
		{10625055-6FD2-4F63-BA88-4D1846C39FFC}.Ad-Hoc|iPhoneSimulator.Build.0 = Ad-Hoc|iPhoneSimulator
		{10625055-6FD2-4F63-BA88-4D1846C39FFC}.Ad-Hoc|iPhoneSimulator.Deploy.0 = Ad-Hoc|iPhoneSimulator
		{10625055-6FD2-4F63-BA88-4D1846C39FFC}.AppStore|Any CPU.ActiveCfg = AppStore|iPhone
		{10625055-6FD2-4F63-BA88-4D1846C39FFC}.AppStore|Any CPU.Build.0 = AppStore|iPhone
		{10625055-6FD2-4F63-BA88-4D1846C39FFC}.AppStore|Any CPU.Deploy.0 = AppStore|iPhone
		{10625055-6FD2-4F63-BA88-4D1846C39FFC}.AppStore|iPhone.ActiveCfg = AppStore|iPhone
		{10625055-6FD2-4F63-BA88-4D1846C39FFC}.AppStore|iPhone.Build.0 = AppStore|iPhone
		{10625055-6FD2-4F63-BA88-4D1846C39FFC}.AppStore|iPhone.Deploy.0 = AppStore|iPhone
		{10625055-6FD2-4F63-BA88-4D1846C39FFC}.AppStore|iPhoneSimulator.ActiveCfg = AppStore|iPhoneSimulator
		{10625055-6FD2-4F63-BA88-4D1846C39FFC}.AppStore|iPhoneSimulator.Build.0 = AppStore|iPhoneSimulator
		{10625055-6FD2-4F63-BA88-4D1846C39FFC}.AppStore|iPhoneSimulator.Deploy.0 = AppStore|iPhoneSimulator
		{10625055-6FD2-4F63-BA88-4D1846C39FFC}.Debug|Any CPU.ActiveCfg = Debug|iPhoneSimulator
		{10625055-6FD2-4F63-BA88-4D1846C39FFC}.Debug|Any CPU.Build.0 = Debug|iPhoneSimulator
		{10625055-6FD2-4F63-BA88-4D1846C39FFC}.Debug|Any CPU.Deploy.0 = Debug|iPhoneSimulator
		{10625055-6FD2-4F63-BA88-4D1846C39FFC}.Debug|iPhone.ActiveCfg = Debug|iPhone
		{10625055-6FD2-4F63-BA88-4D1846C39FFC}.Debug|iPhone.Build.0 = Debug|iPhone
		{10625055-6FD2-4F63-BA88-4D1846C39FFC}.Debug|iPhone.Deploy.0 = Debug|iPhone
		{10625055-6FD2-4F63-BA88-4D1846C39FFC}.Debug|iPhoneSimulator.ActiveCfg = Debug|iPhoneSimulator
		{10625055-6FD2-4F63-BA88-4D1846C39FFC}.Debug|iPhoneSimulator.Build.0 = Debug|iPhoneSimulator
		{10625055-6FD2-4F63-BA88-4D1846C39FFC}.Debug|iPhoneSimulator.Deploy.0 = Debug|iPhoneSimulator
		{10625055-6FD2-4F63-BA88-4D1846C39FFC}.Release|Any CPU.ActiveCfg = Release|iPhone
		{10625055-6FD2-4F63-BA88-4D1846C39FFC}.Release|Any CPU.Build.0 = Release|iPhone
		{10625055-6FD2-4F63-BA88-4D1846C39FFC}.Release|Any CPU.Deploy.0 = Release|iPhone
		{10625055-6FD2-4F63-BA88-4D1846C39FFC}.Release|iPhone.ActiveCfg = Release|iPhone
		{10625055-6FD2-4F63-BA88-4D1846C39FFC}.Release|iPhone.Build.0 = Release|iPhone
		{10625055-6FD2-4F63-BA88-4D1846C39FFC}.Release|iPhone.Deploy.0 = Release|iPhone
		{10625055-6FD2-4F63-BA88-4D1846C39FFC}.Release|iPhoneSimulator.ActiveCfg = Release|iPhoneSimulator
		{10625055-6FD2-4F63-BA88-4D1846C39FFC}.Release|iPhoneSimulator.Build.0 = Release|iPhoneSimulator
		{10625055-6FD2-4F63-BA88-4D1846C39FFC}.Release|iPhoneSimulator.Deploy.0 = Release|iPhoneSimulator
		{0AA6E0DA-1300-4E34-B016-C9FDCE8FFC66}.Ad-Hoc|Any CPU.ActiveCfg = Debug|Any CPU
		{0AA6E0DA-1300-4E34-B016-C9FDCE8FFC66}.Ad-Hoc|Any CPU.Build.0 = Debug|Any CPU
		{0AA6E0DA-1300-4E34-B016-C9FDCE8FFC66}.Ad-Hoc|Any CPU.Deploy.0 = Debug|Any CPU
		{0AA6E0DA-1300-4E34-B016-C9FDCE8FFC66}.Ad-Hoc|iPhone.ActiveCfg = Debug|Any CPU
		{0AA6E0DA-1300-4E34-B016-C9FDCE8FFC66}.Ad-Hoc|iPhone.Build.0 = Debug|Any CPU
		{0AA6E0DA-1300-4E34-B016-C9FDCE8FFC66}.Ad-Hoc|iPhone.Deploy.0 = Debug|Any CPU
		{0AA6E0DA-1300-4E34-B016-C9FDCE8FFC66}.Ad-Hoc|iPhoneSimulator.ActiveCfg = Debug|Any CPU
		{0AA6E0DA-1300-4E34-B016-C9FDCE8FFC66}.Ad-Hoc|iPhoneSimulator.Build.0 = Debug|Any CPU
		{0AA6E0DA-1300-4E34-B016-C9FDCE8FFC66}.Ad-Hoc|iPhoneSimulator.Deploy.0 = Debug|Any CPU
		{0AA6E0DA-1300-4E34-B016-C9FDCE8FFC66}.AppStore|Any CPU.ActiveCfg = Debug|Any CPU
		{0AA6E0DA-1300-4E34-B016-C9FDCE8FFC66}.AppStore|Any CPU.Build.0 = Debug|Any CPU
		{0AA6E0DA-1300-4E34-B016-C9FDCE8FFC66}.AppStore|Any CPU.Deploy.0 = Debug|Any CPU
		{0AA6E0DA-1300-4E34-B016-C9FDCE8FFC66}.AppStore|iPhone.ActiveCfg = Debug|Any CPU
		{0AA6E0DA-1300-4E34-B016-C9FDCE8FFC66}.AppStore|iPhone.Build.0 = Debug|Any CPU
		{0AA6E0DA-1300-4E34-B016-C9FDCE8FFC66}.AppStore|iPhone.Deploy.0 = Debug|Any CPU
		{0AA6E0DA-1300-4E34-B016-C9FDCE8FFC66}.AppStore|iPhoneSimulator.ActiveCfg = Debug|Any CPU
		{0AA6E0DA-1300-4E34-B016-C9FDCE8FFC66}.AppStore|iPhoneSimulator.Build.0 = Debug|Any CPU
		{0AA6E0DA-1300-4E34-B016-C9FDCE8FFC66}.AppStore|iPhoneSimulator.Deploy.0 = Debug|Any CPU
		{0AA6E0DA-1300-4E34-B016-C9FDCE8FFC66}.Debug|Any CPU.ActiveCfg = Debug|Any CPU
		{0AA6E0DA-1300-4E34-B016-C9FDCE8FFC66}.Debug|Any CPU.Build.0 = Debug|Any CPU
		{0AA6E0DA-1300-4E34-B016-C9FDCE8FFC66}.Debug|Any CPU.Deploy.0 = Debug|Any CPU
		{0AA6E0DA-1300-4E34-B016-C9FDCE8FFC66}.Debug|iPhone.ActiveCfg = Debug|Any CPU
		{0AA6E0DA-1300-4E34-B016-C9FDCE8FFC66}.Debug|iPhone.Build.0 = Debug|Any CPU
		{0AA6E0DA-1300-4E34-B016-C9FDCE8FFC66}.Debug|iPhone.Deploy.0 = Debug|Any CPU
		{0AA6E0DA-1300-4E34-B016-C9FDCE8FFC66}.Debug|iPhoneSimulator.ActiveCfg = Debug|Any CPU
		{0AA6E0DA-1300-4E34-B016-C9FDCE8FFC66}.Debug|iPhoneSimulator.Build.0 = Debug|Any CPU
		{0AA6E0DA-1300-4E34-B016-C9FDCE8FFC66}.Debug|iPhoneSimulator.Deploy.0 = Debug|Any CPU
		{0AA6E0DA-1300-4E34-B016-C9FDCE8FFC66}.Release|Any CPU.ActiveCfg = Release|Any CPU
		{0AA6E0DA-1300-4E34-B016-C9FDCE8FFC66}.Release|Any CPU.Build.0 = Release|Any CPU
		{0AA6E0DA-1300-4E34-B016-C9FDCE8FFC66}.Release|Any CPU.Deploy.0 = Release|Any CPU
		{0AA6E0DA-1300-4E34-B016-C9FDCE8FFC66}.Release|iPhone.ActiveCfg = Release|Any CPU
		{0AA6E0DA-1300-4E34-B016-C9FDCE8FFC66}.Release|iPhone.Build.0 = Release|Any CPU
		{0AA6E0DA-1300-4E34-B016-C9FDCE8FFC66}.Release|iPhone.Deploy.0 = Release|Any CPU
		{0AA6E0DA-1300-4E34-B016-C9FDCE8FFC66}.Release|iPhoneSimulator.ActiveCfg = Release|Any CPU
		{0AA6E0DA-1300-4E34-B016-C9FDCE8FFC66}.Release|iPhoneSimulator.Build.0 = Release|Any CPU
		{0AA6E0DA-1300-4E34-B016-C9FDCE8FFC66}.Release|iPhoneSimulator.Deploy.0 = Release|Any CPU
	EndGlobalSection
	GlobalSection(SolutionProperties) = preSolution
		HideSolutionNode = FALSE
	EndGlobalSection
	GlobalSection(ExtensibilityGlobals) = postSolution
		SolutionGuid = {77BF4EFA-4601-4D6A-B4F6-C60E8A784E59}
	EndGlobalSection
EndGlobal
